PODS:
  - Flutter (1.0.0)
  - flutter_native_loading (0.0.1):
    - Flutter
    - SVProgressHUD
  - SVProgressHUD (2.2.5)

DEPENDENCIES:
  - Flutter (from `Flutter`)
  - flutter_native_loading (from `.symlinks/plugins/flutter_native_loading/ios`)

SPEC REPOS:
  trunk:
    - SVProgressHUD

EXTERNAL SOURCES:
  Flutter:
    :path: Flutter
  flutter_native_loading:
    :path: ".symlinks/plugins/flutter_native_loading/ios"

SPEC CHECKSUMS:
  Flutter: 434fef37c0980e73bb6479ef766c45957d4b510c
  flutter_native_loading: fd0c759a3e4fbc8e26336d4fa372dc5c67141c86
  SVProgressHUD: 1428aafac632c1f86f62aa4243ec12008d7a51d6

PODFILE CHECKSUM: aafe91acc616949ddb318b77800a7f51bffa2a4c

COCOAPODS: 1.10.1
